
Microsoft Visual Studio Solution File, Format Version 12.00
# Visual Studio Version 17
VisualStudioVersion = 17.5.33516.290
MinimumVisualStudioVersion = 10.0.40219.1
Project("{FAE04EC0-301F-11D3-BF4B-00C04F79EFBC}") = "EFMain", "EFMain\EFMain.csproj", "{D2C9C593-7058-4273-B4B1-78D7E2CA2EBB}"
EndProject
Project("{FAE04EC0-301F-11D3-BF4B-00C04F79EFBC}") = "DAL", "DAL\DAL.csproj", "{E5861491-14C4-4D18-B99B-C554E6875866}"
EndProject
Global
	GlobalSection(SolutionConfigurationPlatforms) = preSolution
		Debug|Any CPU = Debug|Any CPU
		Release|Any CPU = Release|Any CPU
	EndGlobalSection
	GlobalSection(ProjectConfigurationPlatforms) = postSolution
		{D2C9C593-7058-4273-B4B1-78D7E2CA2EBB}.Debug|Any CPU.ActiveCfg = Debug|Any CPU
		{D2C9C593-7058-4273-B4B1-78D7E2CA2EBB}.Debug|Any CPU.Build.0 = Debug|Any CPU
		{D2C9C593-7058-4273-B4B1-78D7E2CA2EBB}.Release|Any CPU.ActiveCfg = Release|Any CPU
		{D2C9C593-7058-4273-B4B1-78D7E2CA2EBB}.Release|Any CPU.Build.0 = Release|Any CPU
		{E5861491-14C4-4D18-B99B-C554E6875866}.Debug|Any CPU.ActiveCfg = Debug|Any CPU
		{E5861491-14C4-4D18-B99B-C554E6875866}.Debug|Any CPU.Build.0 = Debug|Any CPU
		{E5861491-14C4-4D18-B99B-C554E6875866}.Release|Any CPU.ActiveCfg = Release|Any CPU
		{E5861491-14C4-4D18-B99B-C554E6875866}.Release|Any CPU.Build.0 = Release|Any CPU
	EndGlobalSection
	GlobalSection(SolutionProperties) = preSolution
		HideSolutionNode = FALSE
	EndGlobalSection
	GlobalSection(ExtensibilityGlobals) = postSolution
		SolutionGuid = {519E89E5-E03C-45FF-B214-0A121D602896}
	EndGlobalSection
EndGlobal
